// !$*UTF8*$!
{
	archiveVersion = 1;
	classes = {
	};
	objectVersion = 55;
	objects = {

/* Begin PBXBuildFile section */
		1D2E815D2702716800FF0EA8 /* ViewController+TableView.swift in Sources */ = {isa = PBXBuildFile; fileRef = 1D2E815C2702716800FF0EA8 /* ViewController+TableView.swift */; };
		1D2E815F27028E9900FF0EA8 /* UIPickerView+Extension.swift in Sources */ = {isa = PBXBuildFile; fileRef = 1D2E815E27028E9900FF0EA8 /* UIPickerView+Extension.swift */; };
		1D37085326FD1EBA007D9DC6 /* AppDelegate.swift in Sources */ = {isa = PBXBuildFile; fileRef = 1D37085226FD1EBA007D9DC6 /* AppDelegate.swift */; };
		1D37085726FD1EBA007D9DC6 /* ViewController.swift in Sources */ = {isa = PBXBuildFile; fileRef = 1D37085626FD1EBA007D9DC6 /* ViewController.swift */; };
		1D37085D26FD1EBA007D9DC6 /* NewsApp.xcdatamodeld in Sources */ = {isa = PBXBuildFile; fileRef = 1D37085B26FD1EBA007D9DC6 /* NewsApp.xcdatamodeld */; };
		1D37085F26FD1EBD007D9DC6 /* Assets.xcassets in Resources */ = {isa = PBXBuildFile; fileRef = 1D37085E26FD1EBD007D9DC6 /* Assets.xcassets */; };
		1D37086226FD1EBD007D9DC6 /* LaunchScreen.storyboard in Resources */ = {isa = PBXBuildFile; fileRef = 1D37086026FD1EBD007D9DC6 /* LaunchScreen.storyboard */; };
		1D37086D26FD1EBE007D9DC6 /* NewsAppTests.swift in Sources */ = {isa = PBXBuildFile; fileRef = 1D37086C26FD1EBE007D9DC6 /* NewsAppTests.swift */; };
		1D37087726FD1EBE007D9DC6 /* NewsAppUITests.swift in Sources */ = {isa = PBXBuildFile; fileRef = 1D37087626FD1EBE007D9DC6 /* NewsAppUITests.swift */; };
		1D37087926FD1EBE007D9DC6 /* NewsAppUITestsLaunchTests.swift in Sources */ = {isa = PBXBuildFile; fileRef = 1D37087826FD1EBE007D9DC6 /* NewsAppUITestsLaunchTests.swift */; };
		1D4D0D3526FE07EC002BA22E /* UIButton+Extension.swift in Sources */ = {isa = PBXBuildFile; fileRef = 1D4D0D3426FE07EC002BA22E /* UIButton+Extension.swift */; };
		1D4DBFBD2703741400160AB3 /* WishList+CoreDataClass.swift in Sources */ = {isa = PBXBuildFile; fileRef = 1D4DBFBB2703741400160AB3 /* WishList+CoreDataClass.swift */; };
		1D4DBFBE2703741400160AB3 /* WishList+CoreDataProperties.swift in Sources */ = {isa = PBXBuildFile; fileRef = 1D4DBFBC2703741400160AB3 /* WishList+CoreDataProperties.swift */; };
		1D4DBFC0270374AB00160AB3 /* PersistenceManager.swift in Sources */ = {isa = PBXBuildFile; fileRef = 1D4DBFBF270374AB00160AB3 /* PersistenceManager.swift */; };
		1D4DBFC427037E9800160AB3 /* MainTableViewCell+CoreData.swift in Sources */ = {isa = PBXBuildFile; fileRef = 1D4DBFC327037E9800160AB3 /* MainTableViewCell+CoreData.swift */; };
		1D4DBFC62703938800160AB3 /* ViewController+UIPickerView.swift in Sources */ = {isa = PBXBuildFile; fileRef = 1D4DBFC52703938800160AB3 /* ViewController+UIPickerView.swift */; };
		1D4DBFC827039ECA00160AB3 /* WishListViewController.swift in Sources */ = {isa = PBXBuildFile; fileRef = 1D4DBFC727039ECA00160AB3 /* WishListViewController.swift */; };
		1D4DBFCB2703AA3000160AB3 /* Storyboarded.swift in Sources */ = {isa = PBXBuildFile; fileRef = 1D4DBFCA2703AA3000160AB3 /* Storyboarded.swift */; };
		1D4DBFCD2703AA5100160AB3 /* Coordinator.swift in Sources */ = {isa = PBXBuildFile; fileRef = 1D4DBFCC2703AA5100160AB3 /* Coordinator.swift */; };
		1D4DBFCF2703AA8200160AB3 /* MainCoordinator.swift in Sources */ = {isa = PBXBuildFile; fileRef = 1D4DBFCE2703AA8200160AB3 /* MainCoordinator.swift */; };
		1D4DBFD12703AAFB00160AB3 /* WishListCoordinator.swift in Sources */ = {isa = PBXBuildFile; fileRef = 1D4DBFD02703AAFB00160AB3 /* WishListCoordinator.swift */; };
		1D4DBFD32703ADE400160AB3 /* WishViewController+CoreData.swift in Sources */ = {isa = PBXBuildFile; fileRef = 1D4DBFD22703ADE400160AB3 /* WishViewController+CoreData.swift */; };
		1D7469252700823600BDEA07 /* ArticlesFilterViewModel.swift in Sources */ = {isa = PBXBuildFile; fileRef = 1D7469242700823600BDEA07 /* ArticlesFilterViewModel.swift */; };
		1D74692A2700FF0800BDEA07 /* MainTableViewCell.swift in Sources */ = {isa = PBXBuildFile; fileRef = 1D7469282700FF0800BDEA07 /* MainTableViewCell.swift */; };
		1D74692B2700FF0800BDEA07 /* MainTableViewCell.xib in Resources */ = {isa = PBXBuildFile; fileRef = 1D7469292700FF0800BDEA07 /* MainTableViewCell.xib */; };
		1D74692E27011D7800BDEA07 /* Kingfisher in Frameworks */ = {isa = PBXBuildFile; productRef = 1D74692D27011D7800BDEA07 /* Kingfisher */; };
		1D7469312701238000BDEA07 /* AlamofireImage in Frameworks */ = {isa = PBXBuildFile; productRef = 1D7469302701238000BDEA07 /* AlamofireImage */; };
		1D7469332701275800BDEA07 /* ViewCountry+Fetch.swift in Sources */ = {isa = PBXBuildFile; fileRef = 1D7469322701275700BDEA07 /* ViewCountry+Fetch.swift */; };
		1D89221A26FF1FA900104A19 /* API.swift in Sources */ = {isa = PBXBuildFile; fileRef = 1D89221926FF1FA900104A19 /* API.swift */; };
		1D89221D26FF25E900104A19 /* Alamofire in Frameworks */ = {isa = PBXBuildFile; productRef = 1D89221C26FF25E900104A19 /* Alamofire */; };
		1D89221F26FF426E00104A19 /* UIColor+Extension.swift in Sources */ = {isa = PBXBuildFile; fileRef = 1D89221E26FF426E00104A19 /* UIColor+Extension.swift */; };
		1D89222126FFB49800104A19 /* UITableView+Extension.swift in Sources */ = {isa = PBXBuildFile; fileRef = 1D89222026FFB49800104A19 /* UITableView+Extension.swift */; };
		1D89222326FFB91000104A19 /* UILabel+Extension.swift in Sources */ = {isa = PBXBuildFile; fileRef = 1D89222226FFB90F00104A19 /* UILabel+Extension.swift */; };
		1D931DAA2707C8A60024D48F /* WebViewController.swift in Sources */ = {isa = PBXBuildFile; fileRef = 1D931DA92707C8A60024D48F /* WebViewController.swift */; };
		1D931DAC2707D2480024D48F /* ViewController+UISearchBarDelegate.swift in Sources */ = {isa = PBXBuildFile; fileRef = 1D931DAB2707D2480024D48F /* ViewController+UISearchBarDelegate.swift */; };
		1D9ED67626FDC66000BF3B0F /* NewsFilterModel.swift in Sources */ = {isa = PBXBuildFile; fileRef = 1D9ED67526FDC66000BF3B0F /* NewsFilterModel.swift */; };
		1DCD7EF826FE627600BD8D6E /* Service.swift in Sources */ = {isa = PBXBuildFile; fileRef = 1DCD7EF726FE627600BD8D6E /* Service.swift */; };
		1DCD7EFA26FE8B0400BD8D6E /* NewsArticleModel.swift in Sources */ = {isa = PBXBuildFile; fileRef = 1DCD7EF926FE8B0400BD8D6E /* NewsArticleModel.swift */; };
		1DCD7EFC26FE982900BD8D6E /* NewsFilterViewModel.swift in Sources */ = {isa = PBXBuildFile; fileRef = 1DCD7EFB26FE982900BD8D6E /* NewsFilterViewModel.swift */; };
/* End PBXBuildFile section */

/* Begin PBXContainerItemProxy section */
		1D37086926FD1EBE007D9DC6 /* PBXContainerItemProxy */ = {
			isa = PBXContainerItemProxy;
			containerPortal = 1D37084726FD1EBA007D9DC6 /* Project object */;
			proxyType = 1;
			remoteGlobalIDString = 1D37084E26FD1EBA007D9DC6;
			remoteInfo = NewsApp;
		};
		1D37087326FD1EBE007D9DC6 /* PBXContainerItemProxy */ = {
			isa = PBXContainerItemProxy;
			containerPortal = 1D37084726FD1EBA007D9DC6 /* Project object */;
			proxyType = 1;
			remoteGlobalIDString = 1D37084E26FD1EBA007D9DC6;
			remoteInfo = NewsApp;
		};
/* End PBXContainerItemProxy section */

/* Begin PBXFileReference section */
		1D2E815C2702716800FF0EA8 /* ViewController+TableView.swift */ = {isa = PBXFileReference; lastKnownFileType = sourcecode.swift; path = "ViewController+TableView.swift"; sourceTree = "<group>"; };
		1D2E815E27028E9900FF0EA8 /* UIPickerView+Extension.swift */ = {isa = PBXFileReference; lastKnownFileType = sourcecode.swift; path = "UIPickerView+Extension.swift"; sourceTree = "<group>"; };
		1D37084F26FD1EBA007D9DC6 /* NewsApp.app */ = {isa = PBXFileReference; explicitFileType = wrapper.application; includeInIndex = 0; path = NewsApp.app; sourceTree = BUILT_PRODUCTS_DIR; };
		1D37085226FD1EBA007D9DC6 /* AppDelegate.swift */ = {isa = PBXFileReference; lastKnownFileType = sourcecode.swift; path = AppDelegate.swift; sourceTree = "<group>"; };
		1D37085626FD1EBA007D9DC6 /* ViewController.swift */ = {isa = PBXFileReference; lastKnownFileType = sourcecode.swift; path = ViewController.swift; sourceTree = "<group>"; };
		1D37085C26FD1EBA007D9DC6 /* NewsApp.xcdatamodel */ = {isa = PBXFileReference; lastKnownFileType = wrapper.xcdatamodel; path = NewsApp.xcdatamodel; sourceTree = "<group>"; };
		1D37085E26FD1EBD007D9DC6 /* Assets.xcassets */ = {isa = PBXFileReference; lastKnownFileType = folder.assetcatalog; path = Assets.xcassets; sourceTree = "<group>"; };
		1D37086126FD1EBD007D9DC6 /* Base */ = {isa = PBXFileReference; lastKnownFileType = file.storyboard; name = Base; path = Base.lproj/LaunchScreen.storyboard; sourceTree = "<group>"; };
		1D37086326FD1EBD007D9DC6 /* Info.plist */ = {isa = PBXFileReference; lastKnownFileType = text.plist.xml; path = Info.plist; sourceTree = "<group>"; };
		1D37086826FD1EBE007D9DC6 /* NewsAppTests.xctest */ = {isa = PBXFileReference; explicitFileType = wrapper.cfbundle; includeInIndex = 0; path = NewsAppTests.xctest; sourceTree = BUILT_PRODUCTS_DIR; };
		1D37086C26FD1EBE007D9DC6 /* NewsAppTests.swift */ = {isa = PBXFileReference; lastKnownFileType = sourcecode.swift; path = NewsAppTests.swift; sourceTree = "<group>"; };
		1D37087226FD1EBE007D9DC6 /* NewsAppUITests.xctest */ = {isa = PBXFileReference; explicitFileType = wrapper.cfbundle; includeInIndex = 0; path = NewsAppUITests.xctest; sourceTree = BUILT_PRODUCTS_DIR; };
		1D37087626FD1EBE007D9DC6 /* NewsAppUITests.swift */ = {isa = PBXFileReference; lastKnownFileType = sourcecode.swift; path = NewsAppUITests.swift; sourceTree = "<group>"; };
		1D37087826FD1EBE007D9DC6 /* NewsAppUITestsLaunchTests.swift */ = {isa = PBXFileReference; lastKnownFileType = sourcecode.swift; path = NewsAppUITestsLaunchTests.swift; sourceTree = "<group>"; };
		1D4D0D3426FE07EC002BA22E /* UIButton+Extension.swift */ = {isa = PBXFileReference; lastKnownFileType = sourcecode.swift; path = "UIButton+Extension.swift"; sourceTree = "<group>"; };
		1D4DBFBB2703741400160AB3 /* WishList+CoreDataClass.swift */ = {isa = PBXFileReference; lastKnownFileType = sourcecode.swift; path = "WishList+CoreDataClass.swift"; sourceTree = SOURCE_ROOT; };
		1D4DBFBC2703741400160AB3 /* WishList+CoreDataProperties.swift */ = {isa = PBXFileReference; lastKnownFileType = sourcecode.swift; path = "WishList+CoreDataProperties.swift"; sourceTree = SOURCE_ROOT; };
		1D4DBFBF270374AB00160AB3 /* PersistenceManager.swift */ = {isa = PBXFileReference; lastKnownFileType = sourcecode.swift; path = PersistenceManager.swift; sourceTree = "<group>"; };
		1D4DBFC327037E9800160AB3 /* MainTableViewCell+CoreData.swift */ = {isa = PBXFileReference; lastKnownFileType = sourcecode.swift; path = "MainTableViewCell+CoreData.swift"; sourceTree = "<group>"; };
		1D4DBFC52703938800160AB3 /* ViewController+UIPickerView.swift */ = {isa = PBXFileReference; lastKnownFileType = sourcecode.swift; path = "ViewController+UIPickerView.swift"; sourceTree = "<group>"; };
		1D4DBFC727039ECA00160AB3 /* WishListViewController.swift */ = {isa = PBXFileReference; lastKnownFileType = sourcecode.swift; path = WishListViewController.swift; sourceTree = "<group>"; };
		1D4DBFCA2703AA3000160AB3 /* Storyboarded.swift */ = {isa = PBXFileReference; lastKnownFileType = sourcecode.swift; path = Storyboarded.swift; sourceTree = "<group>"; };
		1D4DBFCC2703AA5100160AB3 /* Coordinator.swift */ = {isa = PBXFileReference; lastKnownFileType = sourcecode.swift; path = Coordinator.swift; sourceTree = "<group>"; };
		1D4DBFCE2703AA8200160AB3 /* MainCoordinator.swift */ = {isa = PBXFileReference; lastKnownFileType = sourcecode.swift; path = MainCoordinator.swift; sourceTree = "<group>"; };
		1D4DBFD02703AAFB00160AB3 /* WishListCoordinator.swift */ = {isa = PBXFileReference; lastKnownFileType = sourcecode.swift; path = WishListCoordinator.swift; sourceTree = "<group>"; };
		1D4DBFD22703ADE400160AB3 /* WishViewController+CoreData.swift */ = {isa = PBXFileReference; lastKnownFileType = sourcecode.swift; path = "WishViewController+CoreData.swift"; sourceTree = "<group>"; };
		1D7469242700823600BDEA07 /* ArticlesFilterViewModel.swift */ = {isa = PBXFileReference; lastKnownFileType = sourcecode.swift; path = ArticlesFilterViewModel.swift; sourceTree = "<group>"; };
		1D7469282700FF0800BDEA07 /* MainTableViewCell.swift */ = {isa = PBXFileReference; lastKnownFileType = sourcecode.swift; path = MainTableViewCell.swift; sourceTree = "<group>"; };
		1D7469292700FF0800BDEA07 /* MainTableViewCell.xib */ = {isa = PBXFileReference; lastKnownFileType = file.xib; path = MainTableViewCell.xib; sourceTree = "<group>"; };
		1D7469322701275700BDEA07 /* ViewCountry+Fetch.swift */ = {isa = PBXFileReference; lastKnownFileType = sourcecode.swift; path = "ViewCountry+Fetch.swift"; sourceTree = "<group>"; };
		1D89221926FF1FA900104A19 /* API.swift */ = {isa = PBXFileReference; lastKnownFileType = sourcecode.swift; path = API.swift; sourceTree = "<group>"; };
		1D89221E26FF426E00104A19 /* UIColor+Extension.swift */ = {isa = PBXFileReference; lastKnownFileType = sourcecode.swift; path = "UIColor+Extension.swift"; sourceTree = "<group>"; };
		1D89222026FFB49800104A19 /* UITableView+Extension.swift */ = {isa = PBXFileReference; lastKnownFileType = sourcecode.swift; path = "UITableView+Extension.swift"; sourceTree = "<group>"; };
		1D89222226FFB90F00104A19 /* UILabel+Extension.swift */ = {isa = PBXFileReference; lastKnownFileType = sourcecode.swift; path = "UILabel+Extension.swift"; sourceTree = "<group>"; };
		1D931DA92707C8A60024D48F /* WebViewController.swift */ = {isa = PBXFileReference; lastKnownFileType = sourcecode.swift; path = WebViewController.swift; sourceTree = "<group>"; };
		1D931DAB2707D2480024D48F /* ViewController+UISearchBarDelegate.swift */ = {isa = PBXFileReference; lastKnownFileType = sourcecode.swift; path = "ViewController+UISearchBarDelegate.swift"; sourceTree = "<group>"; };
		1D9ED67526FDC66000BF3B0F /* NewsFilterModel.swift */ = {isa = PBXFileReference; lastKnownFileType = sourcecode.swift; path = NewsFilterModel.swift; sourceTree = "<group>"; };
		1DCD7EF726FE627600BD8D6E /* Service.swift */ = {isa = PBXFileReference; lastKnownFileType = sourcecode.swift; path = Service.swift; sourceTree = "<group>"; };
		1DCD7EF926FE8B0400BD8D6E /* NewsArticleModel.swift */ = {isa = PBXFileReference; lastKnownFileType = sourcecode.swift; path = NewsArticleModel.swift; sourceTree = "<group>"; };
		1DCD7EFB26FE982900BD8D6E /* NewsFilterViewModel.swift */ = {isa = PBXFileReference; lastKnownFileType = sourcecode.swift; path = NewsFilterViewModel.swift; sourceTree = "<group>"; };
/* End PBXFileReference section */

/* Begin PBXFrameworksBuildPhase section */
		1D37084C26FD1EBA007D9DC6 /* Frameworks */ = {
			isa = PBXFrameworksBuildPhase;
			buildActionMask = 2147483647;
			files = (
				1D74692E27011D7800BDEA07 /* Kingfisher in Frameworks */,
				1D89221D26FF25E900104A19 /* Alamofire in Frameworks */,
				1D7469312701238000BDEA07 /* AlamofireImage in Frameworks */,
			);
			runOnlyForDeploymentPostprocessing = 0;
		};
		1D37086526FD1EBE007D9DC6 /* Frameworks */ = {
			isa = PBXFrameworksBuildPhase;
			buildActionMask = 2147483647;
			files = (
			);
			runOnlyForDeploymentPostprocessing = 0;
		};
		1D37086F26FD1EBE007D9DC6 /* Frameworks */ = {
			isa = PBXFrameworksBuildPhase;
			buildActionMask = 2147483647;
			files = (
			);
			runOnlyForDeploymentPostprocessing = 0;
		};
/* End PBXFrameworksBuildPhase section */

/* Begin PBXGroup section */
		1D37084626FD1EBA007D9DC6 = {
			isa = PBXGroup;
			children = (
				1D37085126FD1EBA007D9DC6 /* NewsApp */,
				1D37086B26FD1EBE007D9DC6 /* NewsAppTests */,
				1D37087526FD1EBE007D9DC6 /* NewsAppUITests */,
				1D37085026FD1EBA007D9DC6 /* Products */,
			);
			sourceTree = "<group>";
		};
		1D37085026FD1EBA007D9DC6 /* Products */ = {
			isa = PBXGroup;
			children = (
				1D37084F26FD1EBA007D9DC6 /* NewsApp.app */,
				1D37086826FD1EBE007D9DC6 /* NewsAppTests.xctest */,
				1D37087226FD1EBE007D9DC6 /* NewsAppUITests.xctest */,
			);
			name = Products;
			sourceTree = "<group>";
		};
		1D37085126FD1EBA007D9DC6 /* NewsApp */ = {
			isa = PBXGroup;
			children = (
				1D4DBFC92703A9DF00160AB3 /* Coordinator */,
				1D4D0D3326FE07CF002BA22E /* Extensions */,
				1D4DBFBA2703739C00160AB3 /* CoreData */,
				1D37088826FD24A5007D9DC6 /* Service */,
				1D37088726FD248F007D9DC6 /* Model */,
				1D37088626FD2480007D9DC6 /* ViewModel */,
				1D931DA82707C87D0024D48F /* WKWebView */,
				1D37088526FD2476007D9DC6 /* View */,
				1D37085226FD1EBA007D9DC6 /* AppDelegate.swift */,
				1D37085E26FD1EBD007D9DC6 /* Assets.xcassets */,
				1D37086026FD1EBD007D9DC6 /* LaunchScreen.storyboard */,
				1D37086326FD1EBD007D9DC6 /* Info.plist */,
				1D37085B26FD1EBA007D9DC6 /* NewsApp.xcdatamodeld */,
			);
			path = NewsApp;
			sourceTree = "<group>";
		};
		1D37086B26FD1EBE007D9DC6 /* NewsAppTests */ = {
			isa = PBXGroup;
			children = (
				1D37086C26FD1EBE007D9DC6 /* NewsAppTests.swift */,
			);
			path = NewsAppTests;
			sourceTree = "<group>";
		};
		1D37087526FD1EBE007D9DC6 /* NewsAppUITests */ = {
			isa = PBXGroup;
			children = (
				1D37087626FD1EBE007D9DC6 /* NewsAppUITests.swift */,
				1D37087826FD1EBE007D9DC6 /* NewsAppUITestsLaunchTests.swift */,
			);
			path = NewsAppUITests;
			sourceTree = "<group>";
		};
		1D37088526FD2476007D9DC6 /* View */ = {
			isa = PBXGroup;
			children = (
				1D37085626FD1EBA007D9DC6 /* ViewController.swift */,
				1D4DBFC727039ECA00160AB3 /* WishListViewController.swift */,
				1D7469322701275700BDEA07 /* ViewCountry+Fetch.swift */,
				1D2E815C2702716800FF0EA8 /* ViewController+TableView.swift */,
				1D4DBFC52703938800160AB3 /* ViewController+UIPickerView.swift */,
				1D931DAB2707D2480024D48F /* ViewController+UISearchBarDelegate.swift */,
				1D4DBFD22703ADE400160AB3 /* WishViewController+CoreData.swift */,
				1D7469282700FF0800BDEA07 /* MainTableViewCell.swift */,
				1D7469292700FF0800BDEA07 /* MainTableViewCell.xib */,
				1D4DBFC327037E9800160AB3 /* MainTableViewCell+CoreData.swift */,
			);
			path = View;
			sourceTree = "<group>";
		};
		1D37088626FD2480007D9DC6 /* ViewModel */ = {
			isa = PBXGroup;
			children = (
				1DCD7EFB26FE982900BD8D6E /* NewsFilterViewModel.swift */,
				1D7469242700823600BDEA07 /* ArticlesFilterViewModel.swift */,
			);
			path = ViewModel;
			sourceTree = "<group>";
		};
		1D37088726FD248F007D9DC6 /* Model */ = {
			isa = PBXGroup;
			children = (
				1D9ED67526FDC66000BF3B0F /* NewsFilterModel.swift */,
				1DCD7EF926FE8B0400BD8D6E /* NewsArticleModel.swift */,
			);
			path = Model;
			sourceTree = "<group>";
		};
		1D37088826FD24A5007D9DC6 /* Service */ = {
			isa = PBXGroup;
			children = (
				1DCD7EF726FE627600BD8D6E /* Service.swift */,
				1D89221926FF1FA900104A19 /* API.swift */,
			);
			path = Service;
			sourceTree = "<group>";
		};
		1D4D0D3326FE07CF002BA22E /* Extensions */ = {
			isa = PBXGroup;
			children = (
				1D4D0D3426FE07EC002BA22E /* UIButton+Extension.swift */,
				1D89221E26FF426E00104A19 /* UIColor+Extension.swift */,
				1D89222026FFB49800104A19 /* UITableView+Extension.swift */,
				1D89222226FFB90F00104A19 /* UILabel+Extension.swift */,
				1D2E815E27028E9900FF0EA8 /* UIPickerView+Extension.swift */,
			);
			path = Extensions;
			sourceTree = "<group>";
		};
		1D4DBFBA2703739C00160AB3 /* CoreData */ = {
			isa = PBXGroup;
			children = (
				1D4DBFBB2703741400160AB3 /* WishList+CoreDataClass.swift */,
				1D4DBFBC2703741400160AB3 /* WishList+CoreDataProperties.swift */,
				1D4DBFBF270374AB00160AB3 /* PersistenceManager.swift */,
			);
			path = CoreData;
			sourceTree = "<group>";
		};
		1D4DBFC92703A9DF00160AB3 /* Coordinator */ = {
			isa = PBXGroup;
			children = (
				1D4DBFCA2703AA3000160AB3 /* Storyboarded.swift */,
				1D4DBFCC2703AA5100160AB3 /* Coordinator.swift */,
				1D4DBFCE2703AA8200160AB3 /* MainCoordinator.swift */,
				1D4DBFD02703AAFB00160AB3 /* WishListCoordinator.swift */,
			);
			path = Coordinator;
			sourceTree = "<group>";
		};
		1D931DA82707C87D0024D48F /* WKWebView */ = {
			isa = PBXGroup;
			children = (
				1D931DA92707C8A60024D48F /* WebViewController.swift */,
			);
			path = WKWebView;
			sourceTree = "<group>";
		};
/* End PBXGroup section */

/* Begin PBXNativeTarget section */
		1D37084E26FD1EBA007D9DC6 /* NewsApp */ = {
			isa = PBXNativeTarget;
			buildConfigurationList = 1D37087C26FD1EBE007D9DC6 /* Build configuration list for PBXNativeTarget "NewsApp" */;
			buildPhases = (
				1D37084B26FD1EBA007D9DC6 /* Sources */,
				1D37084C26FD1EBA007D9DC6 /* Frameworks */,
				1D37084D26FD1EBA007D9DC6 /* Resources */,
			);
			buildRules = (
			);
			dependencies = (
			);
			name = NewsApp;
			packageProductDependencies = (
				1D89221C26FF25E900104A19 /* Alamofire */,
				1D74692D27011D7800BDEA07 /* Kingfisher */,
				1D7469302701238000BDEA07 /* AlamofireImage */,
			);
			productName = NewsApp;
			productReference = 1D37084F26FD1EBA007D9DC6 /* NewsApp.app */;
			productType = "com.apple.product-type.application";
		};
		1D37086726FD1EBE007D9DC6 /* NewsAppTests */ = {
			isa = PBXNativeTarget;
			buildConfigurationList = 1D37087F26FD1EBE007D9DC6 /* Build configuration list for PBXNativeTarget "NewsAppTests" */;
			buildPhases = (
				1D37086426FD1EBE007D9DC6 /* Sources */,
				1D37086526FD1EBE007D9DC6 /* Frameworks */,
				1D37086626FD1EBE007D9DC6 /* Resources */,
			);
			buildRules = (
			);
			dependencies = (
				1D37086A26FD1EBE007D9DC6 /* PBXTargetDependency */,
			);
			name = NewsAppTests;
			productName = NewsAppTests;
			productReference = 1D37086826FD1EBE007D9DC6 /* NewsAppTests.xctest */;
			productType = "com.apple.product-type.bundle.unit-test";
		};
		1D37087126FD1EBE007D9DC6 /* NewsAppUITests */ = {
			isa = PBXNativeTarget;
			buildConfigurationList = 1D37088226FD1EBE007D9DC6 /* Build configuration list for PBXNativeTarget "NewsAppUITests" */;
			buildPhases = (
				1D37086E26FD1EBE007D9DC6 /* Sources */,
				1D37086F26FD1EBE007D9DC6 /* Frameworks */,
				1D37087026FD1EBE007D9DC6 /* Resources */,
			);
			buildRules = (
			);
			dependencies = (
				1D37087426FD1EBE007D9DC6 /* PBXTargetDependency */,
			);
			name = NewsAppUITests;
			productName = NewsAppUITests;
			productReference = 1D37087226FD1EBE007D9DC6 /* NewsAppUITests.xctest */;
			productType = "com.apple.product-type.bundle.ui-testing";
		};
/* End PBXNativeTarget section */

/* Begin PBXProject section */
		1D37084726FD1EBA007D9DC6 /* Project object */ = {
			isa = PBXProject;
			attributes = {
				BuildIndependentTargetsInParallel = 1;
				LastSwiftUpdateCheck = 1300;
				LastUpgradeCheck = 1300;
				TargetAttributes = {
					1D37084E26FD1EBA007D9DC6 = {
						CreatedOnToolsVersion = 13.0;
					};
					1D37086726FD1EBE007D9DC6 = {
						CreatedOnToolsVersion = 13.0;
						TestTargetID = 1D37084E26FD1EBA007D9DC6;
					};
					1D37087126FD1EBE007D9DC6 = {
						CreatedOnToolsVersion = 13.0;
						TestTargetID = 1D37084E26FD1EBA007D9DC6;
					};
				};
			};
			buildConfigurationList = 1D37084A26FD1EBA007D9DC6 /* Build configuration list for PBXProject "NewsApp" */;
			compatibilityVersion = "Xcode 13.0";
			developmentRegion = en;
			hasScannedForEncodings = 0;
			knownRegions = (
				en,
				Base,
			);
			mainGroup = 1D37084626FD1EBA007D9DC6;
			packageReferences = (
				1D89221B26FF25E900104A19 /* XCRemoteSwiftPackageReference "Alamofire" */,
				1D74692C27011D7800BDEA07 /* XCRemoteSwiftPackageReference "Kingfisher" */,
				1D74692F2701238000BDEA07 /* XCRemoteSwiftPackageReference "AlamofireImage" */,
			);
			productRefGroup = 1D37085026FD1EBA007D9DC6 /* Products */;
			projectDirPath = "";
			projectRoot = "";
			targets = (
				1D37084E26FD1EBA007D9DC6 /* NewsApp */,
				1D37086726FD1EBE007D9DC6 /* NewsAppTests */,
				1D37087126FD1EBE007D9DC6 /* NewsAppUITests */,
			);
		};
/* End PBXProject section */

/* Begin PBXResourcesBuildPhase section */
		1D37084D26FD1EBA007D9DC6 /* Resources */ = {
			isa = PBXResourcesBuildPhase;
			buildActionMask = 2147483647;
			files = (
				1D37086226FD1EBD007D9DC6 /* LaunchScreen.storyboard in Resources */,
				1D37085F26FD1EBD007D9DC6 /* Assets.xcassets in Resources */,
				1D74692B2700FF0800BDEA07 /* MainTableViewCell.xib in Resources */,
			);
			runOnlyForDeploymentPostprocessing = 0;
		};
		1D37086626FD1EBE007D9DC6 /* Resources */ = {
			isa = PBXResourcesBuildPhase;
			buildActionMask = 2147483647;
			files = (
			);
			runOnlyForDeploymentPostprocessing = 0;
		};
		1D37087026FD1EBE007D9DC6 /* Resources */ = {
			isa = PBXResourcesBuildPhase;
			buildActionMask = 2147483647;
			files = (
			);
			runOnlyForDeploymentPostprocessing = 0;
		};
/* End PBXResourcesBuildPhase section */

/* Begin PBXSourcesBuildPhase section */
		1D37084B26FD1EBA007D9DC6 /* Sources */ = {
			isa = PBXSourcesBuildPhase;
			buildActionMask = 2147483647;
			files = (
				1D4DBFBE2703741400160AB3 /* WishList+CoreDataProperties.swift in Sources */,
				1D9ED67626FDC66000BF3B0F /* NewsFilterModel.swift in Sources */,
				1D4DBFD32703ADE400160AB3 /* WishViewController+CoreData.swift in Sources */,
				1D4DBFBD2703741400160AB3 /* WishList+CoreDataClass.swift in Sources */,
				1DCD7EFC26FE982900BD8D6E /* NewsFilterViewModel.swift in Sources */,
				1DCD7EF826FE627600BD8D6E /* Service.swift in Sources */,
				1D89221F26FF426E00104A19 /* UIColor+Extension.swift in Sources */,
				1D37085726FD1EBA007D9DC6 /* ViewController.swift in Sources */,
				1D74692A2700FF0800BDEA07 /* MainTableViewCell.swift in Sources */,
				1D4DBFD12703AAFB00160AB3 /* WishListCoordinator.swift in Sources */,
				1D4DBFC427037E9800160AB3 /* MainTableViewCell+CoreData.swift in Sources */,
				1D2E815D2702716800FF0EA8 /* ViewController+TableView.swift in Sources */,
				1D4DBFC827039ECA00160AB3 /* WishListViewController.swift in Sources */,
				1D4DBFCF2703AA8200160AB3 /* MainCoordinator.swift in Sources */,
				1D931DAC2707D2480024D48F /* ViewController+UISearchBarDelegate.swift in Sources */,
				1D931DAA2707C8A60024D48F /* WebViewController.swift in Sources */,
				1D4DBFC0270374AB00160AB3 /* PersistenceManager.swift in Sources */,
				1D89222326FFB91000104A19 /* UILabel+Extension.swift in Sources */,
				1D4DBFC62703938800160AB3 /* ViewController+UIPickerView.swift in Sources */,
				1D7469252700823600BDEA07 /* ArticlesFilterViewModel.swift in Sources */,
				1D7469332701275800BDEA07 /* ViewCountry+Fetch.swift in Sources */,
				1D37085326FD1EBA007D9DC6 /* AppDelegate.swift in Sources */,
				1D89222126FFB49800104A19 /* UITableView+Extension.swift in Sources */,
				1D4DBFCD2703AA5100160AB3 /* Coordinator.swift in Sources */,
				1D2E815F27028E9900FF0EA8 /* UIPickerView+Extension.swift in Sources */,
				1D4D0D3526FE07EC002BA22E /* UIButton+Extension.swift in Sources */,
				1D37085D26FD1EBA007D9DC6 /* NewsApp.xcdatamodeld in Sources */,
				1D4DBFCB2703AA3000160AB3 /* Storyboarded.swift in Sources */,
				1D89221A26FF1FA900104A19 /* API.swift in Sources */,
				1DCD7EFA26FE8B0400BD8D6E /* NewsArticleModel.swift in Sources */,
			);
			runOnlyForDeploymentPostprocessing = 0;
		};
		1D37086426FD1EBE007D9DC6 /* Sources */ = {
			isa = PBXSourcesBuildPhase;
			buildActionMask = 2147483647;
			files = (
				1D37086D26FD1EBE007D9DC6 /* NewsAppTests.swift in Sources */,
			);
			runOnlyForDeploymentPostprocessing = 0;
		};
		1D37086E26FD1EBE007D9DC6 /* Sources */ = {
			isa = PBXSourcesBuildPhase;
			buildActionMask = 2147483647;
			files = (
				1D37087726FD1EBE007D9DC6 /* NewsAppUITests.swift in Sources */,
				1D37087926FD1EBE007D9DC6 /* NewsAppUITestsLaunchTests.swift in Sources */,
			);
			runOnlyForDeploymentPostprocessing = 0;
		};
/* End PBXSourcesBuildPhase section */

/* Begin PBXTargetDependency section */
		1D37086A26FD1EBE007D9DC6 /* PBXTargetDependency */ = {
			isa = PBXTargetDependency;
			target = 1D37084E26FD1EBA007D9DC6 /* NewsApp */;
			targetProxy = 1D37086926FD1EBE007D9DC6 /* PBXContainerItemProxy */;
		};
		1D37087426FD1EBE007D9DC6 /* PBXTargetDependency */ = {
			isa = PBXTargetDependency;
			target = 1D37084E26FD1EBA007D9DC6 /* NewsApp */;
			targetProxy = 1D37087326FD1EBE007D9DC6 /* PBXContainerItemProxy */;
		};
/* End PBXTargetDependency section */

/* Begin PBXVariantGroup section */
		1D37086026FD1EBD007D9DC6 /* LaunchScreen.storyboard */ = {
			isa = PBXVariantGroup;
			children = (
				1D37086126FD1EBD007D9DC6 /* Base */,
			);
			name = LaunchScreen.storyboard;
			sourceTree = "<group>";
		};
/* End PBXVariantGroup section */

/* Begin XCBuildConfiguration section */
		1D37087A26FD1EBE007D9DC6 /* Debug */ = {
			isa = XCBuildConfiguration;
			buildSettings = {
				ALWAYS_SEARCH_USER_PATHS = NO;
				CLANG_ANALYZER_NONNULL = YES;
				CLANG_ANALYZER_NUMBER_OBJECT_CONVERSION = YES_AGGRESSIVE;
				CLANG_CXX_LANGUAGE_STANDARD = "gnu++17";
				CLANG_CXX_LIBRARY = "libc++";
				CLANG_ENABLE_MODULES = YES;
				CLANG_ENABLE_OBJC_ARC = YES;
				CLANG_ENABLE_OBJC_WEAK = YES;
				CLANG_WARN_BLOCK_CAPTURE_AUTORELEASING = YES;
				CLANG_WARN_BOOL_CONVERSION = YES;
				CLANG_WARN_COMMA = YES;
				CLANG_WARN_CONSTANT_CONVERSION = YES;
				CLANG_WARN_DEPRECATED_OBJC_IMPLEMENTATIONS = YES;
				CLANG_WARN_DIRECT_OBJC_ISA_USAGE = YES_ERROR;
				CLANG_WARN_DOCUMENTATION_COMMENTS = YES;
				CLANG_WARN_EMPTY_BODY = YES;
				CLANG_WARN_ENUM_CONVERSION = YES;
				CLANG_WARN_INFINITE_RECURSION = YES;
				CLANG_WARN_INT_CONVERSION = YES;
				CLANG_WARN_NON_LITERAL_NULL_CONVERSION = YES;
				CLANG_WARN_OBJC_IMPLICIT_RETAIN_SELF = YES;
				CLANG_WARN_OBJC_LITERAL_CONVERSION = YES;
				CLANG_WARN_OBJC_ROOT_CLASS = YES_ERROR;
				CLANG_WARN_QUOTED_INCLUDE_IN_FRAMEWORK_HEADER = YES;
				CLANG_WARN_RANGE_LOOP_ANALYSIS = YES;
				CLANG_WARN_STRICT_PROTOTYPES = YES;
				CLANG_WARN_SUSPICIOUS_MOVE = YES;
				CLANG_WARN_UNGUARDED_AVAILABILITY = YES_AGGRESSIVE;
				CLANG_WARN_UNREACHABLE_CODE = YES;
				CLANG_WARN__DUPLICATE_METHOD_MATCH = YES;
				COPY_PHASE_STRIP = NO;
				DEBUG_INFORMATION_FORMAT = dwarf;
				ENABLE_STRICT_OBJC_MSGSEND = YES;
				ENABLE_TESTABILITY = YES;
				GCC_C_LANGUAGE_STANDARD = gnu11;
				GCC_DYNAMIC_NO_PIC = NO;
				GCC_NO_COMMON_BLOCKS = YES;
				GCC_OPTIMIZATION_LEVEL = 0;
				GCC_PREPROCESSOR_DEFINITIONS = (
					"DEBUG=1",
					"$(inherited)",
				);
				GCC_WARN_64_TO_32_BIT_CONVERSION = YES;
				GCC_WARN_ABOUT_RETURN_TYPE = YES_ERROR;
				GCC_WARN_UNDECLARED_SELECTOR = YES;
				GCC_WARN_UNINITIALIZED_AUTOS = YES_AGGRESSIVE;
				GCC_WARN_UNUSED_FUNCTION = YES;
				GCC_WARN_UNUSED_VARIABLE = YES;
				IPHONEOS_DEPLOYMENT_TARGET = 15.0;
				MTL_ENABLE_DEBUG_INFO = INCLUDE_SOURCE;
				MTL_FAST_MATH = YES;
				ONLY_ACTIVE_ARCH = YES;
				SDKROOT = iphoneos;
				SWIFT_ACTIVE_COMPILATION_CONDITIONS = DEBUG;
				SWIFT_OPTIMIZATION_LEVEL = "-Onone";
			};
			name = Debug;
		};
		1D37087B26FD1EBE007D9DC6 /* Release */ = {
			isa = XCBuildConfiguration;
			buildSettings = {
				ALWAYS_SEARCH_USER_PATHS = NO;
				CLANG_ANALYZER_NONNULL = YES;
				CLANG_ANALYZER_NUMBER_OBJECT_CONVERSION = YES_AGGRESSIVE;
				CLANG_CXX_LANGUAGE_STANDARD = "gnu++17";
				CLANG_CXX_LIBRARY = "libc++";
				CLANG_ENABLE_MODULES = YES;
				CLANG_ENABLE_OBJC_ARC = YES;
				CLANG_ENABLE_OBJC_WEAK = YES;
				CLANG_WARN_BLOCK_CAPTURE_AUTORELEASING = YES;
				CLANG_WARN_BOOL_CONVERSION = YES;
				CLANG_WARN_COMMA = YES;
				CLANG_WARN_CONSTANT_CONVERSION = YES;
				CLANG_WARN_DEPRECATED_OBJC_IMPLEMENTATIONS = YES;
				CLANG_WARN_DIRECT_OBJC_ISA_USAGE = YES_ERROR;
				CLANG_WARN_DOCUMENTATION_COMMENTS = YES;
				CLANG_WARN_EMPTY_BODY = YES;
				CLANG_WARN_ENUM_CONVERSION = YES;
				CLANG_WARN_INFINITE_RECURSION = YES;
				CLANG_WARN_INT_CONVERSION = YES;
				CLANG_WARN_NON_LITERAL_NULL_CONVERSION = YES;
				CLANG_WARN_OBJC_IMPLICIT_RETAIN_SELF = YES;
				CLANG_WARN_OBJC_LITERAL_CONVERSION = YES;
				CLANG_WARN_OBJC_ROOT_CLASS = YES_ERROR;
				CLANG_WARN_QUOTED_INCLUDE_IN_FRAMEWORK_HEADER = YES;
				CLANG_WARN_RANGE_LOOP_ANALYSIS = YES;
				CLANG_WARN_STRICT_PROTOTYPES = YES;
				CLANG_WARN_SUSPICIOUS_MOVE = YES;
				CLANG_WARN_UNGUARDED_AVAILABILITY = YES_AGGRESSIVE;
				CLANG_WARN_UNREACHABLE_CODE = YES;
				CLANG_WARN__DUPLICATE_METHOD_MATCH = YES;
				COPY_PHASE_STRIP = NO;
				DEBUG_INFORMATION_FORMAT = "dwarf-with-dsym";
				ENABLE_NS_ASSERTIONS = NO;
				ENABLE_STRICT_OBJC_MSGSEND = YES;
				GCC_C_LANGUAGE_STANDARD = gnu11;
				GCC_NO_COMMON_BLOCKS = YES;
				GCC_WARN_64_TO_32_BIT_CONVERSION = YES;
				GCC_WARN_ABOUT_RETURN_TYPE = YES_ERROR;
				GCC_WARN_UNDECLARED_SELECTOR = YES;
				GCC_WARN_UNINITIALIZED_AUTOS = YES_AGGRESSIVE;
				GCC_WARN_UNUSED_FUNCTION = YES;
				GCC_WARN_UNUSED_VARIABLE = YES;
				IPHONEOS_DEPLOYMENT_TARGET = 15.0;
				MTL_ENABLE_DEBUG_INFO = NO;
				MTL_FAST_MATH = YES;
				SDKROOT = iphoneos;
				SWIFT_COMPILATION_MODE = wholemodule;
				SWIFT_OPTIMIZATION_LEVEL = "-O";
				VALIDATE_PRODUCT = YES;
			};
			name = Release;
		};
		1D37087D26FD1EBE007D9DC6 /* Debug */ = {
			isa = XCBuildConfiguration;
			buildSettings = {
				ASSETCATALOG_COMPILER_APPICON_NAME = AppIcon;
				ASSETCATALOG_COMPILER_GLOBAL_ACCENT_COLOR_NAME = AccentColor;
				CODE_SIGN_STYLE = Automatic;
				CURRENT_PROJECT_VERSION = 1;
				DEVELOPMENT_TEAM = VDUH7U8HTM;
				GENERATE_INFOPLIST_FILE = YES;
				INFOPLIST_FILE = NewsApp/Info.plist;
				INFOPLIST_KEY_UIApplicationSupportsIndirectInputEvents = YES;
				INFOPLIST_KEY_UILaunchStoryboardName = LaunchScreen;
				INFOPLIST_KEY_UISupportedInterfaceOrientations = UIInterfaceOrientationPortrait;
				INFOPLIST_KEY_UISupportedInterfaceOrientations_iPad = "UIInterfaceOrientationPortrait UIInterfaceOrientationPortraitUpsideDown UIInterfaceOrientationLandscapeLeft UIInterfaceOrientationLandscapeRight";
				INFOPLIST_KEY_UISupportedInterfaceOrientations_iPhone = "UIInterfaceOrientationPortrait UIInterfaceOrientationLandscapeLeft UIInterfaceOrientationLandscapeRight";
				INFOPLIST_KEY_UIUserInterfaceStyle = Light;
				IPHONEOS_DEPLOYMENT_TARGET = 11.0;
				LD_RUNPATH_SEARCH_PATHS = (
					"$(inherited)",
					"@executable_path/Frameworks",
				);
				MARKETING_VERSION = 1.0;
				PRODUCT_BUNDLE_IDENTIFIER = "Sabina-Huseynova.NewsApp";
				PRODUCT_NAME = "$(TARGET_NAME)";
				SWIFT_EMIT_LOC_STRINGS = YES;
				SWIFT_VERSION = 5.0;
				TARGETED_DEVICE_FAMILY = 1;
			};
			name = Debug;
		};
		1D37087E26FD1EBE007D9DC6 /* Release */ = {
			isa = XCBuildConfiguration;
			buildSettings = {
				ASSETCATALOG_COMPILER_APPICON_NAME = AppIcon;
				ASSETCATALOG_COMPILER_GLOBAL_ACCENT_COLOR_NAME = AccentColor;
				CODE_SIGN_STYLE = Automatic;
				CURRENT_PROJECT_VERSION = 1;
				DEVELOPMENT_TEAM = VDUH7U8HTM;
				GENERATE_INFOPLIST_FILE = YES;
				INFOPLIST_FILE = NewsApp/Info.plist;
				INFOPLIST_KEY_UIApplicationSupportsIndirectInputEvents = YES;
				INFOPLIST_KEY_UILaunchStoryboardName = LaunchScreen;
				INFOPLIST_KEY_UISupportedInterfaceOrientations = UIInterfaceOrientationPortrait;
				INFOPLIST_KEY_UISupportedInterfaceOrientations_iPad = "UIInterfaceOrientationPortrait UIInterfaceOrientationPortraitUpsideDown UIInterfaceOrientationLandscapeLeft UIInterfaceOrientationLandscapeRight";
				INFOPLIST_KEY_UISupportedInterfaceOrientations_iPhone = "UIInterfaceOrientationPortrait UIInterfaceOrientationLandscapeLeft UIInterfaceOrientationLandscapeRight";
				INFOPLIST_KEY_UIUserInterfaceStyle = Light;
				IPHONEOS_DEPLOYMENT_TARGET = 11.0;
				LD_RUNPATH_SEARCH_PATHS = (
					"$(inherited)",
					"@executable_path/Frameworks",
				);
				MARKETING_VERSION = 1.0;
				PRODUCT_BUNDLE_IDENTIFIER = "Sabina-Huseynova.NewsApp";
				PRODUCT_NAME = "$(TARGET_NAME)";
				SWIFT_EMIT_LOC_STRINGS = YES;
				SWIFT_VERSION = 5.0;
				TARGETED_DEVICE_FAMILY = 1;
			};
			name = Release;
		};
		1D37088026FD1EBE007D9DC6 /* Debug */ = {
			isa = XCBuildConfiguration;
			buildSettings = {
				ALWAYS_EMBED_SWIFT_STANDARD_LIBRARIES = YES;
				BUNDLE_LOADER = "$(TEST_HOST)";
				CODE_SIGN_STYLE = Automatic;
				CURRENT_PROJECT_VERSION = 1;
				DEVELOPMENT_TEAM = VDUH7U8HTM;
				GENERATE_INFOPLIST_FILE = YES;
				IPHONEOS_DEPLOYMENT_TARGET = 15.0;
				LD_RUNPATH_SEARCH_PATHS = (
					"$(inherited)",
					"@executable_path/Frameworks",
					"@loader_path/Frameworks",
				);
				MARKETING_VERSION = 1.0;
				PRODUCT_BUNDLE_IDENTIFIER = "Sabina-Huseynova.NewsAppTests";
				PRODUCT_NAME = "$(TARGET_NAME)";
				SWIFT_EMIT_LOC_STRINGS = NO;
				SWIFT_VERSION = 5.0;
				TARGETED_DEVICE_FAMILY = "1,2";
				TEST_HOST = "$(BUILT_PRODUCTS_DIR)/NewsApp.app/NewsApp";
			};
			name = Debug;
		};
		1D37088126FD1EBE007D9DC6 /* Release */ = {
			isa = XCBuildConfiguration;
			buildSettings = {
				ALWAYS_EMBED_SWIFT_STANDARD_LIBRARIES = YES;
				BUNDLE_LOADER = "$(TEST_HOST)";
				CODE_SIGN_STYLE = Automatic;
				CURRENT_PROJECT_VERSION = 1;
				DEVELOPMENT_TEAM = VDUH7U8HTM;
				GENERATE_INFOPLIST_FILE = YES;
				IPHONEOS_DEPLOYMENT_TARGET = 15.0;
				LD_RUNPATH_SEARCH_PATHS = (
					"$(inherited)",
					"@executable_path/Frameworks",
					"@loader_path/Frameworks",
				);
				MARKETING_VERSION = 1.0;
				PRODUCT_BUNDLE_IDENTIFIER = "Sabina-Huseynova.NewsAppTests";
				PRODUCT_NAME = "$(TARGET_NAME)";
				SWIFT_EMIT_LOC_STRINGS = NO;
				SWIFT_VERSION = 5.0;
				TARGETED_DEVICE_FAMILY = "1,2";
				TEST_HOST = "$(BUILT_PRODUCTS_DIR)/NewsApp.app/NewsApp";
			};
			name = Release;
		};
		1D37088326FD1EBE007D9DC6 /* Debug */ = {
			isa = XCBuildConfiguration;
			buildSettings = {
				ALWAYS_EMBED_SWIFT_STANDARD_LIBRARIES = YES;
				CODE_SIGN_STYLE = Automatic;
				CURRENT_PROJECT_VERSION = 1;
				DEVELOPMENT_TEAM = VDUH7U8HTM;
				GENERATE_INFOPLIST_FILE = YES;
				LD_RUNPATH_SEARCH_PATHS = (
					"$(inherited)",
					"@executable_path/Frameworks",
					"@loader_path/Frameworks",
				);
				MARKETING_VERSION = 1.0;
				PRODUCT_BUNDLE_IDENTIFIER = "Sabina-Huseynova.NewsAppUITests";
				PRODUCT_NAME = "$(TARGET_NAME)";
				SWIFT_EMIT_LOC_STRINGS = NO;
				SWIFT_VERSION = 5.0;
				TARGETED_DEVICE_FAMILY = "1,2";
				TEST_TARGET_NAME = NewsApp;
			};
			name = Debug;
		};
		1D37088426FD1EBE007D9DC6 /* Release */ = {
			isa = XCBuildConfiguration;
			buildSettings = {
				ALWAYS_EMBED_SWIFT_STANDARD_LIBRARIES = YES;
				CODE_SIGN_STYLE = Automatic;
				CURRENT_PROJECT_VERSION = 1;
				DEVELOPMENT_TEAM = VDUH7U8HTM;
				GENERATE_INFOPLIST_FILE = YES;
				LD_RUNPATH_SEARCH_PATHS = (
					"$(inherited)",
					"@executable_path/Frameworks",
					"@loader_path/Frameworks",
				);
				MARKETING_VERSION = 1.0;
				PRODUCT_BUNDLE_IDENTIFIER = "Sabina-Huseynova.NewsAppUITests";
				PRODUCT_NAME = "$(TARGET_NAME)";
				SWIFT_EMIT_LOC_STRINGS = NO;
				SWIFT_VERSION = 5.0;
				TARGETED_DEVICE_FAMILY = "1,2";
				TEST_TARGET_NAME = NewsApp;
			};
			name = Release;
		};
/* End XCBuildConfiguration section */

/* Begin XCConfigurationList section */
		1D37084A26FD1EBA007D9DC6 /* Build configuration list for PBXProject "NewsApp" */ = {
			isa = XCConfigurationList;
			buildConfigurations = (
				1D37087A26FD1EBE007D9DC6 /* Debug */,
				1D37087B26FD1EBE007D9DC6 /* Release */,
			);
			defaultConfigurationIsVisible = 0;
			defaultConfigurationName = Release;
		};
		1D37087C26FD1EBE007D9DC6 /* Build configuration list for PBXNativeTarget "NewsApp" */ = {
			isa = XCConfigurationList;
			buildConfigurations = (
				1D37087D26FD1EBE007D9DC6 /* Debug */,
				1D37087E26FD1EBE007D9DC6 /* Release */,
			);
			defaultConfigurationIsVisible = 0;
			defaultConfigurationName = Release;
		};
		1D37087F26FD1EBE007D9DC6 /* Build configuration list for PBXNativeTarget "NewsAppTests" */ = {
			isa = XCConfigurationList;
			buildConfigurations = (
				1D37088026FD1EBE007D9DC6 /* Debug */,
				1D37088126FD1EBE007D9DC6 /* Release */,
			);
			defaultConfigurationIsVisible = 0;
			defaultConfigurationName = Release;
		};
		1D37088226FD1EBE007D9DC6 /* Build configuration list for PBXNativeTarget "NewsAppUITests" */ = {
			isa = XCConfigurationList;
			buildConfigurations = (
				1D37088326FD1EBE007D9DC6 /* Debug */,
				1D37088426FD1EBE007D9DC6 /* Release */,
			);
			defaultConfigurationIsVisible = 0;
			defaultConfigurationName = Release;
		};
/* End XCConfigurationList section */

/* Begin XCRemoteSwiftPackageReference section */
		1D74692C27011D7800BDEA07 /* XCRemoteSwiftPackageReference "Kingfisher" */ = {
			isa = XCRemoteSwiftPackageReference;
			repositoryURL = "https://github.com/onevcat/Kingfisher";
			requirement = {
				kind = upToNextMajorVersion;
				minimumVersion = 7.0.0;
			};
		};
		1D74692F2701238000BDEA07 /* XCRemoteSwiftPackageReference "AlamofireImage" */ = {
			isa = XCRemoteSwiftPackageReference;
			repositoryURL = "https://github.com/Alamofire/AlamofireImage";
			requirement = {
				kind = upToNextMajorVersion;
				minimumVersion = 4.0.0;
			};
		};
		1D89221B26FF25E900104A19 /* XCRemoteSwiftPackageReference "Alamofire" */ = {
			isa = XCRemoteSwiftPackageReference;
			repositoryURL = "https://github.com/Alamofire/Alamofire";
			requirement = {
				kind = upToNextMajorVersion;
				minimumVersion = 5.0.0;
			};
		};
/* End XCRemoteSwiftPackageReference section */

/* Begin XCSwiftPackageProductDependency section */
		1D74692D27011D7800BDEA07 /* Kingfisher */ = {
			isa = XCSwiftPackageProductDependency;
			package = 1D74692C27011D7800BDEA07 /* XCRemoteSwiftPackageReference "Kingfisher" */;
			productName = Kingfisher;
		};
		1D7469302701238000BDEA07 /* AlamofireImage */ = {
			isa = XCSwiftPackageProductDependency;
			package = 1D74692F2701238000BDEA07 /* XCRemoteSwiftPackageReference "AlamofireImage" */;
			productName = AlamofireImage;
		};
		1D89221C26FF25E900104A19 /* Alamofire */ = {
			isa = XCSwiftPackageProductDependency;
			package = 1D89221B26FF25E900104A19 /* XCRemoteSwiftPackageReference "Alamofire" */;
			productName = Alamofire;
		};
/* End XCSwiftPackageProductDependency section */

/* Begin XCVersionGroup section */
		1D37085B26FD1EBA007D9DC6 /* NewsApp.xcdatamodeld */ = {
			isa = XCVersionGroup;
			children = (
				1D37085C26FD1EBA007D9DC6 /* NewsApp.xcdatamodel */,
			);
			currentVersion = 1D37085C26FD1EBA007D9DC6 /* NewsApp.xcdatamodel */;
			path = NewsApp.xcdatamodeld;
			sourceTree = "<group>";
			versionGroupType = wrapper.xcdatamodel;
		};
/* End XCVersionGroup section */
	};
	rootObject = 1D37084726FD1EBA007D9DC6 /* Project object */;
}
